
Microsoft Visual Studio Solution File, Format Version 12.00
# Visual Studio Version 17
VisualStudioVersion = 17.10.35027.167
MinimumVisualStudioVersion = 10.0.40219.1
Project("{FAE04EC0-301F-11D3-BF4B-00C04F79EFBC}") = "AplicativoDeAlmacen", "AplicativoDeAlmacen\AplicativoDeAlmacen.csproj", "{9A915DC6-32DD-41AB-8B8E-695016AA73CB}"
EndProject
Global
	GlobalSection(SolutionConfigurationPlatforms) = preSolution
		Debug|Any CPU = Debug|Any CPU
		Release|Any CPU = Release|Any CPU
	EndGlobalSection
	GlobalSection(ProjectConfigurationPlatforms) = postSolution
		{9A915DC6-32DD-41AB-8B8E-695016AA73CB}.Debug|Any CPU.ActiveCfg = Debug|Any CPU
		{9A915DC6-32DD-41AB-8B8E-695016AA73CB}.Debug|Any CPU.Build.0 = Debug|Any CPU
		{9A915DC6-32DD-41AB-8B8E-695016AA73CB}.Release|Any CPU.ActiveCfg = Release|Any CPU
		{9A915DC6-32DD-41AB-8B8E-695016AA73CB}.Release|Any CPU.Build.0 = Release|Any CPU
	EndGlobalSection
	GlobalSection(SolutionProperties) = preSolution
		HideSolutionNode = FALSE
	EndGlobalSection
	GlobalSection(ExtensibilityGlobals) = postSolution
		SolutionGuid = {1D443064-ADF0-4074-9B74-46D368363BA5}
	EndGlobalSection
EndGlobal
